
Microsoft Visual Studio Solution File, Format Version 12.00
# Visual Studio 15
VisualStudioVersion = 15.0.28010.2016
MinimumVisualStudioVersion = 10.0.40219.1
Project("{FAE04EC0-301F-11D3-BF4B-00C04F79EFBC}") = "HelloWPFApp", "HelloWPFApp\HelloWPFApp.csproj", "{E5E0EF32-3ACF-4046-B655-7E90C61059FA}"
EndProject
Global
	GlobalSection(SolutionConfigurationPlatforms) = preSolution
		Debug|Any CPU = Debug|Any CPU
		Release|Any CPU = Release|Any CPU
	EndGlobalSection
	GlobalSection(ProjectConfigurationPlatforms) = postSolution
		{E5E0EF32-3ACF-4046-B655-7E90C61059FA}.Debug|Any CPU.ActiveCfg = Debug|Any CPU
		{E5E0EF32-3ACF-4046-B655-7E90C61059FA}.Debug|Any CPU.Build.0 = Debug|Any CPU
		{E5E0EF32-3ACF-4046-B655-7E90C61059FA}.Release|Any CPU.ActiveCfg = Release|Any CPU
		{E5E0EF32-3ACF-4046-B655-7E90C61059FA}.Release|Any CPU.Build.0 = Release|Any CPU
	EndGlobalSection
	GlobalSection(SolutionProperties) = preSolution
		HideSolutionNode = FALSE
	EndGlobalSection
	GlobalSection(ExtensibilityGlobals) = postSolution
		SolutionGuid = {741D5193-F36E-4611-9CE4-B58DB5308C52}
	EndGlobalSection
EndGlobal
